// !$*UTF8*$!
{
	archiveVersion = 1;
	classes = {
	};
	objectVersion = 46;
	objects = {

/* Begin PBXBuildFile section */
		F10C894E1FEAE9CB00A7820B /* NetworkController.swift in Sources */ = {isa = PBXBuildFile; fileRef = F10C894D1FEAE9CB00A7820B /* NetworkController.swift */; };
		F10C89501FEAFB3700A7820B /* User.swift in Sources */ = {isa = PBXBuildFile; fileRef = F10C894F1FEAFB3700A7820B /* User.swift */; };
		F10E67571FDEE7B600E48176 /* AppDelegate.swift in Sources */ = {isa = PBXBuildFile; fileRef = F10E67561FDEE7B600E48176 /* AppDelegate.swift */; };
		F10E67591FDEE7B600E48176 /* ViewController.swift in Sources */ = {isa = PBXBuildFile; fileRef = F10E67581FDEE7B600E48176 /* ViewController.swift */; };
		F10E675C1FDEE7B600E48176 /* Main.storyboard in Resources */ = {isa = PBXBuildFile; fileRef = F10E675A1FDEE7B600E48176 /* Main.storyboard */; };
		F10E675E1FDEE7B600E48176 /* Assets.xcassets in Resources */ = {isa = PBXBuildFile; fileRef = F10E675D1FDEE7B600E48176 /* Assets.xcassets */; };
		F10E67611FDEE7B600E48176 /* LaunchScreen.storyboard in Resources */ = {isa = PBXBuildFile; fileRef = F10E675F1FDEE7B600E48176 /* LaunchScreen.storyboard */; };
		F10E676C1FDEE7B600E48176 /* SupInfoTests.swift in Sources */ = {isa = PBXBuildFile; fileRef = F10E676B1FDEE7B600E48176 /* SupInfoTests.swift */; };
		F10E67771FDEE7B600E48176 /* SupInfoUITests.swift in Sources */ = {isa = PBXBuildFile; fileRef = F10E67761FDEE7B600E48176 /* SupInfoUITests.swift */; };
		F10E67851FDEEC0F00E48176 /* AccueilViewController.swift in Sources */ = {isa = PBXBuildFile; fileRef = F10E67841FDEEC0F00E48176 /* AccueilViewController.swift */; };
		F15B88B81FF16A7E003A8ABA /* Car.swift in Sources */ = {isa = PBXBuildFile; fileRef = F15B88B71FF16A7E003A8ABA /* Car.swift */; };
		F1619CA61FEDA3D600995A1B /* MapKit.framework in Frameworks */ = {isa = PBXBuildFile; fileRef = F1619CA51FEDA3D600995A1B /* MapKit.framework */; };
/* End PBXBuildFile section */

/* Begin PBXContainerItemProxy section */
		F10E67681FDEE7B600E48176 /* PBXContainerItemProxy */ = {
			isa = PBXContainerItemProxy;
			containerPortal = F10E674B1FDEE7B500E48176 /* Project object */;
			proxyType = 1;
			remoteGlobalIDString = F10E67521FDEE7B600E48176;
			remoteInfo = SupInfo;
		};
		F10E67731FDEE7B600E48176 /* PBXContainerItemProxy */ = {
			isa = PBXContainerItemProxy;
			containerPortal = F10E674B1FDEE7B500E48176 /* Project object */;
			proxyType = 1;
			remoteGlobalIDString = F10E67521FDEE7B600E48176;
			remoteInfo = SupInfo;
		};
/* End PBXContainerItemProxy section */

/* Begin PBXFileReference section */
		F10C894D1FEAE9CB00A7820B /* NetworkController.swift */ = {isa = PBXFileReference; fileEncoding = 4; lastKnownFileType = sourcecode.swift; path = NetworkController.swift; sourceTree = "<group>"; };
		F10C894F1FEAFB3700A7820B /* User.swift */ = {isa = PBXFileReference; fileEncoding = 4; lastKnownFileType = sourcecode.swift; path = User.swift; sourceTree = "<group>"; };
		F10E67531FDEE7B600E48176 /* SupInfo.app */ = {isa = PBXFileReference; explicitFileType = wrapper.application; includeInIndex = 0; path = SupInfo.app; sourceTree = BUILT_PRODUCTS_DIR; };
		F10E67561FDEE7B600E48176 /* AppDelegate.swift */ = {isa = PBXFileReference; lastKnownFileType = sourcecode.swift; path = AppDelegate.swift; sourceTree = "<group>"; };
		F10E67581FDEE7B600E48176 /* ViewController.swift */ = {isa = PBXFileReference; lastKnownFileType = sourcecode.swift; path = ViewController.swift; sourceTree = "<group>"; };
		F10E675B1FDEE7B600E48176 /* Base */ = {isa = PBXFileReference; lastKnownFileType = file.storyboard; name = Base; path = Base.lproj/Main.storyboard; sourceTree = "<group>"; };
		F10E675D1FDEE7B600E48176 /* Assets.xcassets */ = {isa = PBXFileReference; lastKnownFileType = folder.assetcatalog; path = Assets.xcassets; sourceTree = "<group>"; };
		F10E67601FDEE7B600E48176 /* Base */ = {isa = PBXFileReference; lastKnownFileType = file.storyboard; name = Base; path = Base.lproj/LaunchScreen.storyboard; sourceTree = "<group>"; };
		F10E67621FDEE7B600E48176 /* Info.plist */ = {isa = PBXFileReference; lastKnownFileType = text.plist.xml; path = Info.plist; sourceTree = "<group>"; };
		F10E67671FDEE7B600E48176 /* SupInfoTests.xctest */ = {isa = PBXFileReference; explicitFileType = wrapper.cfbundle; includeInIndex = 0; path = SupInfoTests.xctest; sourceTree = BUILT_PRODUCTS_DIR; };
		F10E676B1FDEE7B600E48176 /* SupInfoTests.swift */ = {isa = PBXFileReference; lastKnownFileType = sourcecode.swift; path = SupInfoTests.swift; sourceTree = "<group>"; };
		F10E676D1FDEE7B600E48176 /* Info.plist */ = {isa = PBXFileReference; lastKnownFileType = text.plist.xml; path = Info.plist; sourceTree = "<group>"; };
		F10E67721FDEE7B600E48176 /* SupInfoUITests.xctest */ = {isa = PBXFileReference; explicitFileType = wrapper.cfbundle; includeInIndex = 0; path = SupInfoUITests.xctest; sourceTree = BUILT_PRODUCTS_DIR; };
		F10E67761FDEE7B600E48176 /* SupInfoUITests.swift */ = {isa = PBXFileReference; lastKnownFileType = sourcecode.swift; path = SupInfoUITests.swift; sourceTree = "<group>"; };
		F10E67781FDEE7B600E48176 /* Info.plist */ = {isa = PBXFileReference; lastKnownFileType = text.plist.xml; path = Info.plist; sourceTree = "<group>"; };
		F10E67841FDEEC0F00E48176 /* AccueilViewController.swift */ = {isa = PBXFileReference; fileEncoding = 4; lastKnownFileType = sourcecode.swift; path = AccueilViewController.swift; sourceTree = "<group>"; };
		F15B88B71FF16A7E003A8ABA /* Car.swift */ = {isa = PBXFileReference; fileEncoding = 4; lastKnownFileType = sourcecode.swift; path = Car.swift; sourceTree = "<group>"; };
		F1619CA51FEDA3D600995A1B /* MapKit.framework */ = {isa = PBXFileReference; lastKnownFileType = wrapper.framework; name = MapKit.framework; path = System/Library/Frameworks/MapKit.framework; sourceTree = SDKROOT; };
/* End PBXFileReference section */

/* Begin PBXFrameworksBuildPhase section */
		F10E67501FDEE7B600E48176 /* Frameworks */ = {
			isa = PBXFrameworksBuildPhase;
			buildActionMask = 2147483647;
			files = (
				F1619CA61FEDA3D600995A1B /* MapKit.framework in Frameworks */,
			);
			runOnlyForDeploymentPostprocessing = 0;
		};
		F10E67641FDEE7B600E48176 /* Frameworks */ = {
			isa = PBXFrameworksBuildPhase;
			buildActionMask = 2147483647;
			files = (
			);
			runOnlyForDeploymentPostprocessing = 0;
		};
		F10E676F1FDEE7B600E48176 /* Frameworks */ = {
			isa = PBXFrameworksBuildPhase;
			buildActionMask = 2147483647;
			files = (
			);
			runOnlyForDeploymentPostprocessing = 0;
		};
/* End PBXFrameworksBuildPhase section */

/* Begin PBXGroup section */
		F10E674A1FDEE7B500E48176 = {
			isa = PBXGroup;
			children = (
				F10E67551FDEE7B600E48176 /* SupInfo */,
				F10E676A1FDEE7B600E48176 /* SupInfoTests */,
				F10E67751FDEE7B600E48176 /* SupInfoUITests */,
				F10E67541FDEE7B600E48176 /* Products */,
				F1619CA41FEDA3D600995A1B /* Frameworks */,
			);
			sourceTree = "<group>";
		};
		F10E67541FDEE7B600E48176 /* Products */ = {
			isa = PBXGroup;
			children = (
				F10E67531FDEE7B600E48176 /* SupInfo.app */,
				F10E67671FDEE7B600E48176 /* SupInfoTests.xctest */,
				F10E67721FDEE7B600E48176 /* SupInfoUITests.xctest */,
			);
			name = Products;
			sourceTree = "<group>";
		};
		F10E67551FDEE7B600E48176 /* SupInfo */ = {
			isa = PBXGroup;
			children = (
				F10E67561FDEE7B600E48176 /* AppDelegate.swift */,
				F10E67581FDEE7B600E48176 /* ViewController.swift */,
				F10E675A1FDEE7B600E48176 /* Main.storyboard */,
				F10E675D1FDEE7B600E48176 /* Assets.xcassets */,
				F10E675F1FDEE7B600E48176 /* LaunchScreen.storyboard */,
				F10E67621FDEE7B600E48176 /* Info.plist */,
				F10E67841FDEEC0F00E48176 /* AccueilViewController.swift */,
				F10C894D1FEAE9CB00A7820B /* NetworkController.swift */,
				F10C894F1FEAFB3700A7820B /* User.swift */,
				F15B88B71FF16A7E003A8ABA /* Car.swift */,
			);
			path = SupInfo;
			sourceTree = "<group>";
		};
		F10E676A1FDEE7B600E48176 /* SupInfoTests */ = {
			isa = PBXGroup;
			children = (
				F10E676B1FDEE7B600E48176 /* SupInfoTests.swift */,
				F10E676D1FDEE7B600E48176 /* Info.plist */,
			);
			path = SupInfoTests;
			sourceTree = "<group>";
		};
		F10E67751FDEE7B600E48176 /* SupInfoUITests */ = {
			isa = PBXGroup;
			children = (
				F10E67761FDEE7B600E48176 /* SupInfoUITests.swift */,
				F10E67781FDEE7B600E48176 /* Info.plist */,
			);
			path = SupInfoUITests;
			sourceTree = "<group>";
		};
		F1619CA41FEDA3D600995A1B /* Frameworks */ = {
			isa = PBXGroup;
			children = (
				F1619CA51FEDA3D600995A1B /* MapKit.framework */,
			);
			name = Frameworks;
			sourceTree = "<group>";
		};
/* End PBXGroup section */

/* Begin PBXNativeTarget section */
		F10E67521FDEE7B600E48176 /* SupInfo */ = {
			isa = PBXNativeTarget;
			buildConfigurationList = F10E677B1FDEE7B600E48176 /* Build configuration list for PBXNativeTarget "SupInfo" */;
			buildPhases = (
				F10E674F1FDEE7B600E48176 /* Sources */,
				F10E67501FDEE7B600E48176 /* Frameworks */,
				F10E67511FDEE7B600E48176 /* Resources */,
			);
			buildRules = (
			);
			dependencies = (
			);
			name = SupInfo;
			productName = SupInfo;
			productReference = F10E67531FDEE7B600E48176 /* SupInfo.app */;
			productType = "com.apple.product-type.application";
		};
		F10E67661FDEE7B600E48176 /* SupInfoTests */ = {
			isa = PBXNativeTarget;
			buildConfigurationList = F10E677E1FDEE7B600E48176 /* Build configuration list for PBXNativeTarget "SupInfoTests" */;
			buildPhases = (
				F10E67631FDEE7B600E48176 /* Sources */,
				F10E67641FDEE7B600E48176 /* Frameworks */,
				F10E67651FDEE7B600E48176 /* Resources */,
			);
			buildRules = (
			);
			dependencies = (
				F10E67691FDEE7B600E48176 /* PBXTargetDependency */,
			);
			name = SupInfoTests;
			productName = SupInfoTests;
			productReference = F10E67671FDEE7B600E48176 /* SupInfoTests.xctest */;
			productType = "com.apple.product-type.bundle.unit-test";
		};
		F10E67711FDEE7B600E48176 /* SupInfoUITests */ = {
			isa = PBXNativeTarget;
			buildConfigurationList = F10E67811FDEE7B600E48176 /* Build configuration list for PBXNativeTarget "SupInfoUITests" */;
			buildPhases = (
				F10E676E1FDEE7B600E48176 /* Sources */,
				F10E676F1FDEE7B600E48176 /* Frameworks */,
				F10E67701FDEE7B600E48176 /* Resources */,
			);
			buildRules = (
			);
			dependencies = (
				F10E67741FDEE7B600E48176 /* PBXTargetDependency */,
			);
			name = SupInfoUITests;
			productName = SupInfoUITests;
			productReference = F10E67721FDEE7B600E48176 /* SupInfoUITests.xctest */;
			productType = "com.apple.product-type.bundle.ui-testing";
		};
/* End PBXNativeTarget section */

/* Begin PBXProject section */
		F10E674B1FDEE7B500E48176 /* Project object */ = {
			isa = PBXProject;
			attributes = {
				LastSwiftUpdateCheck = 0810;
				LastUpgradeCheck = 0810;
				ORGANIZATIONNAME = Supinfo;
				TargetAttributes = {
					F10E67521FDEE7B600E48176 = {
						CreatedOnToolsVersion = 8.1;
						ProvisioningStyle = Automatic;
						SystemCapabilities = {
							com.apple.Maps.iOS = {
								enabled = 1;
							};
						};
					};
					F10E67661FDEE7B600E48176 = {
						CreatedOnToolsVersion = 8.1;
						ProvisioningStyle = Automatic;
						TestTargetID = F10E67521FDEE7B600E48176;
					};
					F10E67711FDEE7B600E48176 = {
						CreatedOnToolsVersion = 8.1;
						ProvisioningStyle = Automatic;
						TestTargetID = F10E67521FDEE7B600E48176;
					};
				};
			};
			buildConfigurationList = F10E674E1FDEE7B500E48176 /* Build configuration list for PBXProject "SupInfo" */;
			compatibilityVersion = "Xcode 3.2";
			developmentRegion = English;
			hasScannedForEncodings = 0;
			knownRegions = (
				en,
				Base,
			);
			mainGroup = F10E674A1FDEE7B500E48176;
			productRefGroup = F10E67541FDEE7B600E48176 /* Products */;
			projectDirPath = "";
			projectRoot = "";
			targets = (
				F10E67521FDEE7B600E48176 /* SupInfo */,
				F10E67661FDEE7B600E48176 /* SupInfoTests */,
				F10E67711FDEE7B600E48176 /* SupInfoUITests */,
			);
		};
/* End PBXProject section */

/* Begin PBXResourcesBuildPhase section */
		F10E67511FDEE7B600E48176 /* Resources */ = {
			isa = PBXResourcesBuildPhase;
			buildActionMask = 2147483647;
			files = (
				F10E67611FDEE7B600E48176 /* LaunchScreen.storyboard in Resources */,
				F10E675E1FDEE7B600E48176 /* Assets.xcassets in Resources */,
				F10E675C1FDEE7B600E48176 /* Main.storyboard in Resources */,
			);
			runOnlyForDeploymentPostprocessing = 0;
		};
		F10E67651FDEE7B600E48176 /* Resources */ = {
			isa = PBXResourcesBuildPhase;
			buildActionMask = 2147483647;
			files = (
			);
			runOnlyForDeploymentPostprocessing = 0;
		};
		F10E67701FDEE7B600E48176 /* Resources */ = {
			isa = PBXResourcesBuildPhase;
			buildActionMask = 2147483647;
			files = (
			);
			runOnlyForDeploymentPostprocessing = 0;
		};
/* End PBXResourcesBuildPhase section */

/* Begin PBXSourcesBuildPhase section */
		F10E674F1FDEE7B600E48176 /* Sources */ = {
			isa = PBXSourcesBuildPhase;
			buildActionMask = 2147483647;
			files = (
				F10C894E1FEAE9CB00A7820B /* NetworkController.swift in Sources */,
				F10E67591FDEE7B600E48176 /* ViewController.swift in Sources */,
				F15B88B81FF16A7E003A8ABA /* Car.swift in Sources */,
				F10E67571FDEE7B600E48176 /* AppDelegate.swift in Sources */,
				F10C89501FEAFB3700A7820B /* User.swift in Sources */,
				F10E67851FDEEC0F00E48176 /* AccueilViewController.swift in Sources */,
			);
			runOnlyForDeploymentPostprocessing = 0;
		};
		F10E67631FDEE7B600E48176 /* Sources */ = {
			isa = PBXSourcesBuildPhase;
			buildActionMask = 2147483647;
			files = (
				F10E676C1FDEE7B600E48176 /* SupInfoTests.swift in Sources */,
			);
			runOnlyForDeploymentPostprocessing = 0;
		};
		F10E676E1FDEE7B600E48176 /* Sources */ = {
			isa = PBXSourcesBuildPhase;
			buildActionMask = 2147483647;
			files = (
				F10E67771FDEE7B600E48176 /* SupInfoUITests.swift in Sources */,
			);
			runOnlyForDeploymentPostprocessing = 0;
		};
/* End PBXSourcesBuildPhase section */

/* Begin PBXTargetDependency section */
		F10E67691FDEE7B600E48176 /* PBXTargetDependency */ = {
			isa = PBXTargetDependency;
			target = F10E67521FDEE7B600E48176 /* SupInfo */;
			targetProxy = F10E67681FDEE7B600E48176 /* PBXContainerItemProxy */;
		};
		F10E67741FDEE7B600E48176 /* PBXTargetDependency */ = {
			isa = PBXTargetDependency;
			target = F10E67521FDEE7B600E48176 /* SupInfo */;
			targetProxy = F10E67731FDEE7B600E48176 /* PBXContainerItemProxy */;
		};
/* End PBXTargetDependency section */

/* Begin PBXVariantGroup section */
		F10E675A1FDEE7B600E48176 /* Main.storyboard */ = {
			isa = PBXVariantGroup;
			children = (
				F10E675B1FDEE7B600E48176 /* Base */,
			);
			name = Main.storyboard;
			sourceTree = "<group>";
		};
		F10E675F1FDEE7B600E48176 /* LaunchScreen.storyboard */ = {
			isa = PBXVariantGroup;
			children = (
				F10E67601FDEE7B600E48176 /* Base */,
			);
			name = LaunchScreen.storyboard;
			sourceTree = "<group>";
		};
/* End PBXVariantGroup section */

/* Begin XCBuildConfiguration section */
		F10E67791FDEE7B600E48176 /* Debug */ = {
			isa = XCBuildConfiguration;
			buildSettings = {
				ALWAYS_SEARCH_USER_PATHS = NO;
				CLANG_ANALYZER_NONNULL = YES;
				CLANG_CXX_LANGUAGE_STANDARD = "gnu++0x";
				CLANG_CXX_LIBRARY = "libc++";
				CLANG_ENABLE_MODULES = YES;
				CLANG_ENABLE_OBJC_ARC = YES;
				CLANG_WARN_BOOL_CONVERSION = YES;
				CLANG_WARN_CONSTANT_CONVERSION = YES;
				CLANG_WARN_DIRECT_OBJC_ISA_USAGE = YES_ERROR;
				CLANG_WARN_DOCUMENTATION_COMMENTS = YES;
				CLANG_WARN_EMPTY_BODY = YES;
				CLANG_WARN_ENUM_CONVERSION = YES;
				CLANG_WARN_INFINITE_RECURSION = YES;
				CLANG_WARN_INT_CONVERSION = YES;
				CLANG_WARN_OBJC_ROOT_CLASS = YES_ERROR;
				CLANG_WARN_SUSPICIOUS_MOVES = YES;
				CLANG_WARN_UNREACHABLE_CODE = YES;
				CLANG_WARN__DUPLICATE_METHOD_MATCH = YES;
				"CODE_SIGN_IDENTITY[sdk=iphoneos*]" = "iPhone Developer";
				COPY_PHASE_STRIP = NO;
				DEBUG_INFORMATION_FORMAT = dwarf;
				ENABLE_STRICT_OBJC_MSGSEND = YES;
				ENABLE_TESTABILITY = YES;
				GCC_C_LANGUAGE_STANDARD = gnu99;
				GCC_DYNAMIC_NO_PIC = NO;
				GCC_NO_COMMON_BLOCKS = YES;
				GCC_OPTIMIZATION_LEVEL = 0;
				GCC_PREPROCESSOR_DEFINITIONS = (
					"DEBUG=1",
					"$(inherited)",
				);
				GCC_WARN_64_TO_32_BIT_CONVERSION = YES;
				GCC_WARN_ABOUT_RETURN_TYPE = YES_ERROR;
				GCC_WARN_UNDECLARED_SELECTOR = YES;
				GCC_WARN_UNINITIALIZED_AUTOS = YES_AGGRESSIVE;
				GCC_WARN_UNUSED_FUNCTION = YES;
				GCC_WARN_UNUSED_VARIABLE = YES;
				IPHONEOS_DEPLOYMENT_TARGET = 10.1;
				MTL_ENABLE_DEBUG_INFO = YES;
				ONLY_ACTIVE_ARCH = YES;
				SDKROOT = iphoneos;
				SWIFT_ACTIVE_COMPILATION_CONDITIONS = DEBUG;
				SWIFT_OPTIMIZATION_LEVEL = "-Onone";
				TARGETED_DEVICE_FAMILY = "1,2";
			};
			name = Debug;
		};
		F10E677A1FDEE7B600E48176 /* Release */ = {
			isa = XCBuildConfiguration;
			buildSettings = {
				ALWAYS_SEARCH_USER_PATHS = NO;
				CLANG_ANALYZER_NONNULL = YES;
				CLANG_CXX_LANGUAGE_STANDARD = "gnu++0x";
				CLANG_CXX_LIBRARY = "libc++";
				CLANG_ENABLE_MODULES = YES;
				CLANG_ENABLE_OBJC_ARC = YES;
				CLANG_WARN_BOOL_CONVERSION = YES;
				CLANG_WARN_CONSTANT_CONVERSION = YES;
				CLANG_WARN_DIRECT_OBJC_ISA_USAGE = YES_ERROR;
				CLANG_WARN_DOCUMENTATION_COMMENTS = YES;
				CLANG_WARN_EMPTY_BODY = YES;
				CLANG_WARN_ENUM_CONVERSION = YES;
				CLANG_WARN_INFINITE_RECURSION = YES;
				CLANG_WARN_INT_CONVERSION = YES;
				CLANG_WARN_OBJC_ROOT_CLASS = YES_ERROR;
				CLANG_WARN_SUSPICIOUS_MOVES = YES;
				CLANG_WARN_UNREACHABLE_CODE = YES;
				CLANG_WARN__DUPLICATE_METHOD_MATCH = YES;
				"CODE_SIGN_IDENTITY[sdk=iphoneos*]" = "iPhone Developer";
				COPY_PHASE_STRIP = NO;
				DEBUG_INFORMATION_FORMAT = "dwarf-with-dsym";
				ENABLE_NS_ASSERTIONS = NO;
				ENABLE_STRICT_OBJC_MSGSEND = YES;
				GCC_C_LANGUAGE_STANDARD = gnu99;
				GCC_NO_COMMON_BLOCKS = YES;
				GCC_WARN_64_TO_32_BIT_CONVERSION = YES;
				GCC_WARN_ABOUT_RETURN_TYPE = YES_ERROR;
				GCC_WARN_UNDECLARED_SELECTOR = YES;
				GCC_WARN_UNINITIALIZED_AUTOS = YES_AGGRESSIVE;
				GCC_WARN_UNUSED_FUNCTION = YES;
				GCC_WARN_UNUSED_VARIABLE = YES;
				IPHONEOS_DEPLOYMENT_TARGET = 10.1;
				MTL_ENABLE_DEBUG_INFO = NO;
				SDKROOT = iphoneos;
				SWIFT_OPTIMIZATION_LEVEL = "-Owholemodule";
				TARGETED_DEVICE_FAMILY = "1,2";
				VALIDATE_PRODUCT = YES;
			};
			name = Release;
		};
		F10E677C1FDEE7B600E48176 /* Debug */ = {
			isa = XCBuildConfiguration;
			buildSettings = {
				ASSETCATALOG_COMPILER_APPICON_NAME = AppIcon;
				INFOPLIST_FILE = SupInfo/Info.plist;
				LD_RUNPATH_SEARCH_PATHS = "$(inherited) @executable_path/Frameworks";
				PRODUCT_BUNDLE_IDENTIFIER = Supinfo.SupInfo;
				PRODUCT_NAME = "$(TARGET_NAME)";
				SWIFT_VERSION = 3.0;
			};
			name = Debug;
		};
		F10E677D1FDEE7B600E48176 /* Release */ = {
			isa = XCBuildConfiguration;
			buildSettings = {
				ASSETCATALOG_COMPILER_APPICON_NAME = AppIcon;
				INFOPLIST_FILE = SupInfo/Info.plist;
				LD_RUNPATH_SEARCH_PATHS = "$(inherited) @executable_path/Frameworks";
				PRODUCT_BUNDLE_IDENTIFIER = Supinfo.SupInfo;
				PRODUCT_NAME = "$(TARGET_NAME)";
				SWIFT_VERSION = 3.0;
			};
			name = Release;
		};
		F10E677F1FDEE7B600E48176 /* Debug */ = {
			isa = XCBuildConfiguration;
			buildSettings = {
				ALWAYS_EMBED_SWIFT_STANDARD_LIBRARIES = YES;
				BUNDLE_LOADER = "$(TEST_HOST)";
				INFOPLIST_FILE = SupInfoTests/Info.plist;
				LD_RUNPATH_SEARCH_PATHS = "$(inherited) @executable_path/Frameworks @loader_path/Frameworks";
				PRODUCT_BUNDLE_IDENTIFIER = Supinfo.SupInfoTests;
				PRODUCT_NAME = "$(TARGET_NAME)";
				SWIFT_VERSION = 3.0;
				TEST_HOST = "$(BUILT_PRODUCTS_DIR)/SupInfo.app/SupInfo";
			};
			name = Debug;
		};
		F10E67801FDEE7B600E48176 /* Release */ = {
			isa = XCBuildConfiguration;
			buildSettings = {
				ALWAYS_EMBED_SWIFT_STANDARD_LIBRARIES = YES;
				BUNDLE_LOADER = "$(TEST_HOST)";
				INFOPLIST_FILE = SupInfoTests/Info.plist;
				LD_RUNPATH_SEARCH_PATHS = "$(inherited) @executable_path/Frameworks @loader_path/Frameworks";
				PRODUCT_BUNDLE_IDENTIFIER = Supinfo.SupInfoTests;
				PRODUCT_NAME = "$(TARGET_NAME)";
				SWIFT_VERSION = 3.0;
				TEST_HOST = "$(BUILT_PRODUCTS_DIR)/SupInfo.app/SupInfo";
			};
			name = Release;
		};
		F10E67821FDEE7B600E48176 /* Debug */ = {
			isa = XCBuildConfiguration;
			buildSettings = {
				ALWAYS_EMBED_SWIFT_STANDARD_LIBRARIES = YES;
				INFOPLIST_FILE = SupInfoUITests/Info.plist;
				LD_RUNPATH_SEARCH_PATHS = "$(inherited) @executable_path/Frameworks @loader_path/Frameworks";
				PRODUCT_BUNDLE_IDENTIFIER = Supinfo.SupInfoUITests;
				PRODUCT_NAME = "$(TARGET_NAME)";
				SWIFT_VERSION = 3.0;
				TEST_TARGET_NAME = SupInfo;
			};
			name = Debug;
		};
		F10E67831FDEE7B600E48176 /* Release */ = {
			isa = XCBuildConfiguration;
			buildSettings = {
				ALWAYS_EMBED_SWIFT_STANDARD_LIBRARIES = YES;
				INFOPLIST_FILE = SupInfoUITests/Info.plist;
				LD_RUNPATH_SEARCH_PATHS = "$(inherited) @executable_path/Frameworks @loader_path/Frameworks";
				PRODUCT_BUNDLE_IDENTIFIER = Supinfo.SupInfoUITests;
				PRODUCT_NAME = "$(TARGET_NAME)";
				SWIFT_VERSION = 3.0;
				TEST_TARGET_NAME = SupInfo;
			};
			name = Release;
		};
/* End XCBuildConfiguration section */

/* Begin XCConfigurationList section */
		F10E674E1FDEE7B500E48176 /* Build configuration list for PBXProject "SupInfo" */ = {
			isa = XCConfigurationList;
			buildConfigurations = (
				F10E67791FDEE7B600E48176 /* Debug */,
				F10E677A1FDEE7B600E48176 /* Release */,
			);
			defaultConfigurationIsVisible = 0;
			defaultConfigurationName = Release;
		};
		F10E677B1FDEE7B600E48176 /* Build configuration list for PBXNativeTarget "SupInfo" */ = {
			isa = XCConfigurationList;
			buildConfigurations = (
				F10E677C1FDEE7B600E48176 /* Debug */,
				F10E677D1FDEE7B600E48176 /* Release */,
			);
			defaultConfigurationIsVisible = 0;
			defaultConfigurationName = Release;
		};
		F10E677E1FDEE7B600E48176 /* Build configuration list for PBXNativeTarget "SupInfoTests" */ = {
			isa = XCConfigurationList;
			buildConfigurations = (
				F10E677F1FDEE7B600E48176 /* Debug */,
				F10E67801FDEE7B600E48176 /* Release */,
			);
			defaultConfigurationIsVisible = 0;
			defaultConfigurationName = Release;
		};
		F10E67811FDEE7B600E48176 /* Build configuration list for PBXNativeTarget "SupInfoUITests" */ = {
			isa = XCConfigurationList;
			buildConfigurations = (
				F10E67821FDEE7B600E48176 /* Debug */,
				F10E67831FDEE7B600E48176 /* Release */,
			);
			defaultConfigurationIsVisible = 0;
			defaultConfigurationName = Release;
		};
/* End XCConfigurationList section */
	};
	rootObject = F10E674B1FDEE7B500E48176 /* Project object */;
}
